
Microsoft Visual Studio Solution File, Format Version 12.00
# Visual Studio Version 17
VisualStudioVersion = 17.5.002.0
MinimumVisualStudioVersion = 10.0.40219.1
Project("{9A19103F-16F7-4668-BE54-9A1E7A4F7556}") = "Listor2", "Listor2.csproj", "{C64631C1-2B1B-4511-80A2-9675933A9823}"
EndProject
Global
	GlobalSection(SolutionConfigurationPlatforms) = preSolution
		Debug|Any CPU = Debug|Any CPU
		Release|Any CPU = Release|Any CPU
	EndGlobalSection
	GlobalSection(ProjectConfigurationPlatforms) = postSolution
		{C64631C1-2B1B-4511-80A2-9675933A9823}.Debug|Any CPU.ActiveCfg = Debug|Any CPU
		{C64631C1-2B1B-4511-80A2-9675933A9823}.Debug|Any CPU.Build.0 = Debug|Any CPU
		{C64631C1-2B1B-4511-80A2-9675933A9823}.Release|Any CPU.ActiveCfg = Release|Any CPU
		{C64631C1-2B1B-4511-80A2-9675933A9823}.Release|Any CPU.Build.0 = Release|Any CPU
	EndGlobalSection
	GlobalSection(SolutionProperties) = preSolution
		HideSolutionNode = FALSE
	EndGlobalSection
	GlobalSection(ExtensibilityGlobals) = postSolution
		SolutionGuid = {DF17D138-384D-4AEE-8415-90294981DA64}
	EndGlobalSection
EndGlobal
