
Microsoft Visual Studio Solution File, Format Version 12.00
# Visual Studio Version 17
VisualStudioVersion = 17.5.002.0
MinimumVisualStudioVersion = 10.0.40219.1
Project("{9A19103F-16F7-4668-BE54-9A1E7A4F7556}") = "ForLoopTryParse", "ForLoopTryParse.csproj", "{4B169B2F-DF05-4E7D-B9E9-C61EEFC10E15}"
EndProject
Global
	GlobalSection(SolutionConfigurationPlatforms) = preSolution
		Debug|Any CPU = Debug|Any CPU
		Release|Any CPU = Release|Any CPU
	EndGlobalSection
	GlobalSection(ProjectConfigurationPlatforms) = postSolution
		{4B169B2F-DF05-4E7D-B9E9-C61EEFC10E15}.Debug|Any CPU.ActiveCfg = Debug|Any CPU
		{4B169B2F-DF05-4E7D-B9E9-C61EEFC10E15}.Debug|Any CPU.Build.0 = Debug|Any CPU
		{4B169B2F-DF05-4E7D-B9E9-C61EEFC10E15}.Release|Any CPU.ActiveCfg = Release|Any CPU
		{4B169B2F-DF05-4E7D-B9E9-C61EEFC10E15}.Release|Any CPU.Build.0 = Release|Any CPU
	EndGlobalSection
	GlobalSection(SolutionProperties) = preSolution
		HideSolutionNode = FALSE
	EndGlobalSection
	GlobalSection(ExtensibilityGlobals) = postSolution
		SolutionGuid = {32D0761F-A09F-40FD-9A13-5B8C4BBB599C}
	EndGlobalSection
EndGlobal
