
Microsoft Visual Studio Solution File, Format Version 12.00
# Visual Studio Version 17
VisualStudioVersion = 17.5.002.0
MinimumVisualStudioVersion = 10.0.40219.1
Project("{9A19103F-16F7-4668-BE54-9A1E7A4F7556}") = "HelloWorld", "HelloWorld\HelloWorld.csproj", "{0FE42B0E-41A7-4C2C-B217-3F6D0605BB83}"
EndProject
Project("{9A19103F-16F7-4668-BE54-9A1E7A4F7556}") = "Lucktext", "Lucktext\Lucktext.csproj", "{AEE12251-583D-4312-9F05-0270EFD3999D}"
EndProject
Project("{2150E333-8FDC-42A3-9474-1A3956D46DE8}") = "Kapitel-1", "Kapitel-1", "{E48043A6-9A61-4933-8342-306D11019F44}"
EndProject
Project("{9A19103F-16F7-4668-BE54-9A1E7A4F7556}") = "Registrering", "Kapitel-1\Registrering\Registrering.csproj", "{93A4EED2-6D25-47CC-9724-00A27EEBD33A}"
EndProject
Project("{2150E333-8FDC-42A3-9474-1A3956D46DE8}") = "Kapitel-3", "Kapitel-3", "{A2EEF640-8F5C-4381-8C21-C1E8C0E0F5D3}"
EndProject
Project("{9A19103F-16F7-4668-BE54-9A1E7A4F7556}") = "EngChart", "Kapitel-3\EngChart\EngChart.csproj", "{5039D0ED-F7F7-486B-A838-B1D91E0885C4}"
EndProject
Project("{9A19103F-16F7-4668-BE54-9A1E7A4F7556}") = "InteractivStory", "Kapitel-3\InteractivStory\InteractivStory.csproj", "{038D0313-20E5-469F-BAF7-120C0D704B17}"
EndProject
Global
	GlobalSection(SolutionConfigurationPlatforms) = preSolution
		Debug|Any CPU = Debug|Any CPU
		Release|Any CPU = Release|Any CPU
	EndGlobalSection
	GlobalSection(ProjectConfigurationPlatforms) = postSolution
		{0FE42B0E-41A7-4C2C-B217-3F6D0605BB83}.Debug|Any CPU.ActiveCfg = Debug|Any CPU
		{0FE42B0E-41A7-4C2C-B217-3F6D0605BB83}.Debug|Any CPU.Build.0 = Debug|Any CPU
		{0FE42B0E-41A7-4C2C-B217-3F6D0605BB83}.Release|Any CPU.ActiveCfg = Release|Any CPU
		{0FE42B0E-41A7-4C2C-B217-3F6D0605BB83}.Release|Any CPU.Build.0 = Release|Any CPU
		{AEE12251-583D-4312-9F05-0270EFD3999D}.Debug|Any CPU.ActiveCfg = Debug|Any CPU
		{AEE12251-583D-4312-9F05-0270EFD3999D}.Debug|Any CPU.Build.0 = Debug|Any CPU
		{AEE12251-583D-4312-9F05-0270EFD3999D}.Release|Any CPU.ActiveCfg = Release|Any CPU
		{AEE12251-583D-4312-9F05-0270EFD3999D}.Release|Any CPU.Build.0 = Release|Any CPU
		{93A4EED2-6D25-47CC-9724-00A27EEBD33A}.Debug|Any CPU.ActiveCfg = Debug|Any CPU
		{93A4EED2-6D25-47CC-9724-00A27EEBD33A}.Debug|Any CPU.Build.0 = Debug|Any CPU
		{93A4EED2-6D25-47CC-9724-00A27EEBD33A}.Release|Any CPU.ActiveCfg = Release|Any CPU
		{93A4EED2-6D25-47CC-9724-00A27EEBD33A}.Release|Any CPU.Build.0 = Release|Any CPU
		{5039D0ED-F7F7-486B-A838-B1D91E0885C4}.Debug|Any CPU.ActiveCfg = Debug|Any CPU
		{5039D0ED-F7F7-486B-A838-B1D91E0885C4}.Debug|Any CPU.Build.0 = Debug|Any CPU
		{5039D0ED-F7F7-486B-A838-B1D91E0885C4}.Release|Any CPU.ActiveCfg = Release|Any CPU
		{5039D0ED-F7F7-486B-A838-B1D91E0885C4}.Release|Any CPU.Build.0 = Release|Any CPU
		{038D0313-20E5-469F-BAF7-120C0D704B17}.Debug|Any CPU.ActiveCfg = Debug|Any CPU
		{038D0313-20E5-469F-BAF7-120C0D704B17}.Debug|Any CPU.Build.0 = Debug|Any CPU
		{038D0313-20E5-469F-BAF7-120C0D704B17}.Release|Any CPU.ActiveCfg = Release|Any CPU
		{038D0313-20E5-469F-BAF7-120C0D704B17}.Release|Any CPU.Build.0 = Release|Any CPU
	EndGlobalSection
	GlobalSection(SolutionProperties) = preSolution
		HideSolutionNode = FALSE
	EndGlobalSection
	GlobalSection(NestedProjects) = preSolution
		{93A4EED2-6D25-47CC-9724-00A27EEBD33A} = {E48043A6-9A61-4933-8342-306D11019F44}
		{5039D0ED-F7F7-486B-A838-B1D91E0885C4} = {A2EEF640-8F5C-4381-8C21-C1E8C0E0F5D3}
		{038D0313-20E5-469F-BAF7-120C0D704B17} = {A2EEF640-8F5C-4381-8C21-C1E8C0E0F5D3}
	EndGlobalSection
	GlobalSection(ExtensibilityGlobals) = postSolution
		SolutionGuid = {39AA8E47-BED6-45B1-BAA9-F5E6C131F369}
	EndGlobalSection
EndGlobal
