
Microsoft Visual Studio Solution File, Format Version 12.00
# Visual Studio Version 17
VisualStudioVersion = 17.5.002.0
MinimumVisualStudioVersion = 10.0.40219.1
Project("{9A19103F-16F7-4668-BE54-9A1E7A4F7556}") = "HelloWorld", "HelloWorld\HelloWorld.csproj", "{8FEE5A38-398D-4193-BC75-9D3981B6B218}"
EndProject
Project("{2150E333-8FDC-42A3-9474-1A3956D46DE8}") = "Kapitel-1", "Kapitel-1", "{9391F1F2-F0A2-41C4-88B5-04F96AFFDC3A}"
EndProject
Project("{9A19103F-16F7-4668-BE54-9A1E7A4F7556}") = "Registrering", "Kapitel-1\Registrering\Registrering.csproj", "{0876FCD6-5FE0-4CCD-980C-43A108656D21}"
EndProject
Global
	GlobalSection(SolutionConfigurationPlatforms) = preSolution
		Debug|Any CPU = Debug|Any CPU
		Release|Any CPU = Release|Any CPU
	EndGlobalSection
	GlobalSection(ProjectConfigurationPlatforms) = postSolution
		{8FEE5A38-398D-4193-BC75-9D3981B6B218}.Debug|Any CPU.ActiveCfg = Debug|Any CPU
		{8FEE5A38-398D-4193-BC75-9D3981B6B218}.Debug|Any CPU.Build.0 = Debug|Any CPU
		{8FEE5A38-398D-4193-BC75-9D3981B6B218}.Release|Any CPU.ActiveCfg = Release|Any CPU
		{8FEE5A38-398D-4193-BC75-9D3981B6B218}.Release|Any CPU.Build.0 = Release|Any CPU
		{0876FCD6-5FE0-4CCD-980C-43A108656D21}.Debug|Any CPU.ActiveCfg = Debug|Any CPU
		{0876FCD6-5FE0-4CCD-980C-43A108656D21}.Debug|Any CPU.Build.0 = Debug|Any CPU
		{0876FCD6-5FE0-4CCD-980C-43A108656D21}.Release|Any CPU.ActiveCfg = Release|Any CPU
		{0876FCD6-5FE0-4CCD-980C-43A108656D21}.Release|Any CPU.Build.0 = Release|Any CPU
	EndGlobalSection
	GlobalSection(SolutionProperties) = preSolution
		HideSolutionNode = FALSE
	EndGlobalSection
	GlobalSection(NestedProjects) = preSolution
		{0876FCD6-5FE0-4CCD-980C-43A108656D21} = {9391F1F2-F0A2-41C4-88B5-04F96AFFDC3A}
	EndGlobalSection
	GlobalSection(ExtensibilityGlobals) = postSolution
		SolutionGuid = {39AA8E47-BED6-45B1-BAA9-F5E6C131F369}
	EndGlobalSection
EndGlobal
