
Microsoft Visual Studio Solution File, Format Version 12.00
# Visual Studio Version 17
VisualStudioVersion = 17.5.002.0
MinimumVisualStudioVersion = 10.0.40219.1
Project("{9A19103F-16F7-4668-BE54-9A1E7A4F7556}") = "InteractivStory", "InteractivStory.csproj", "{DE582EAA-0792-4DA2-8413-D829A7A3F3E8}"
EndProject
Global
	GlobalSection(SolutionConfigurationPlatforms) = preSolution
		Debug|Any CPU = Debug|Any CPU
		Release|Any CPU = Release|Any CPU
	EndGlobalSection
	GlobalSection(ProjectConfigurationPlatforms) = postSolution
		{DE582EAA-0792-4DA2-8413-D829A7A3F3E8}.Debug|Any CPU.ActiveCfg = Debug|Any CPU
		{DE582EAA-0792-4DA2-8413-D829A7A3F3E8}.Debug|Any CPU.Build.0 = Debug|Any CPU
		{DE582EAA-0792-4DA2-8413-D829A7A3F3E8}.Release|Any CPU.ActiveCfg = Release|Any CPU
		{DE582EAA-0792-4DA2-8413-D829A7A3F3E8}.Release|Any CPU.Build.0 = Release|Any CPU
	EndGlobalSection
	GlobalSection(SolutionProperties) = preSolution
		HideSolutionNode = FALSE
	EndGlobalSection
	GlobalSection(ExtensibilityGlobals) = postSolution
		SolutionGuid = {61D9B6EE-5357-46A1-917B-B2071D6CBDF8}
	EndGlobalSection
EndGlobal
