
Microsoft Visual Studio Solution File, Format Version 12.00
# Visual Studio Version 17
VisualStudioVersion = 17.5.002.0
MinimumVisualStudioVersion = 10.0.40219.1
Project("{9A19103F-16F7-4668-BE54-9A1E7A4F7556}") = "MetoderMedParametrar", "MetoderMedParametrar.csproj", "{38DE5B8A-8D42-45A3-A295-9DF807C21683}"
EndProject
Global
	GlobalSection(SolutionConfigurationPlatforms) = preSolution
		Debug|Any CPU = Debug|Any CPU
		Release|Any CPU = Release|Any CPU
	EndGlobalSection
	GlobalSection(ProjectConfigurationPlatforms) = postSolution
		{38DE5B8A-8D42-45A3-A295-9DF807C21683}.Debug|Any CPU.ActiveCfg = Debug|Any CPU
		{38DE5B8A-8D42-45A3-A295-9DF807C21683}.Debug|Any CPU.Build.0 = Debug|Any CPU
		{38DE5B8A-8D42-45A3-A295-9DF807C21683}.Release|Any CPU.ActiveCfg = Release|Any CPU
		{38DE5B8A-8D42-45A3-A295-9DF807C21683}.Release|Any CPU.Build.0 = Release|Any CPU
	EndGlobalSection
	GlobalSection(SolutionProperties) = preSolution
		HideSolutionNode = FALSE
	EndGlobalSection
	GlobalSection(ExtensibilityGlobals) = postSolution
		SolutionGuid = {8747FC74-1457-4C4B-B6C5-E7A8E44A1596}
	EndGlobalSection
EndGlobal
