
Microsoft Visual Studio Solution File, Format Version 12.00
# Visual Studio Version 17
VisualStudioVersion = 17.5.002.0
MinimumVisualStudioVersion = 10.0.40219.1
Project("{9A19103F-16F7-4668-BE54-9A1E7A4F7556}") = "GissaTalet", "GissaTalet.csproj", "{062AA524-7547-405E-B211-A67E10C461FF}"
EndProject
Global
	GlobalSection(SolutionConfigurationPlatforms) = preSolution
		Debug|Any CPU = Debug|Any CPU
		Release|Any CPU = Release|Any CPU
	EndGlobalSection
	GlobalSection(ProjectConfigurationPlatforms) = postSolution
		{062AA524-7547-405E-B211-A67E10C461FF}.Debug|Any CPU.ActiveCfg = Debug|Any CPU
		{062AA524-7547-405E-B211-A67E10C461FF}.Debug|Any CPU.Build.0 = Debug|Any CPU
		{062AA524-7547-405E-B211-A67E10C461FF}.Release|Any CPU.ActiveCfg = Release|Any CPU
		{062AA524-7547-405E-B211-A67E10C461FF}.Release|Any CPU.Build.0 = Release|Any CPU
	EndGlobalSection
	GlobalSection(SolutionProperties) = preSolution
		HideSolutionNode = FALSE
	EndGlobalSection
	GlobalSection(ExtensibilityGlobals) = postSolution
		SolutionGuid = {0BA87773-4F23-4257-A39C-C76B1D3FE01C}
	EndGlobalSection
EndGlobal
