
Microsoft Visual Studio Solution File, Format Version 12.00
# Visual Studio Version 17
VisualStudioVersion = 17.5.002.0
MinimumVisualStudioVersion = 10.0.40219.1
Project("{9A19103F-16F7-4668-BE54-9A1E7A4F7556}") = "Namnregister", "Namnregister.csproj", "{0AB6179F-6717-44D0-BD09-E1A21AACAC42}"
EndProject
Global
	GlobalSection(SolutionConfigurationPlatforms) = preSolution
		Debug|Any CPU = Debug|Any CPU
		Release|Any CPU = Release|Any CPU
	EndGlobalSection
	GlobalSection(ProjectConfigurationPlatforms) = postSolution
		{0AB6179F-6717-44D0-BD09-E1A21AACAC42}.Debug|Any CPU.ActiveCfg = Debug|Any CPU
		{0AB6179F-6717-44D0-BD09-E1A21AACAC42}.Debug|Any CPU.Build.0 = Debug|Any CPU
		{0AB6179F-6717-44D0-BD09-E1A21AACAC42}.Release|Any CPU.ActiveCfg = Release|Any CPU
		{0AB6179F-6717-44D0-BD09-E1A21AACAC42}.Release|Any CPU.Build.0 = Release|Any CPU
	EndGlobalSection
	GlobalSection(SolutionProperties) = preSolution
		HideSolutionNode = FALSE
	EndGlobalSection
	GlobalSection(ExtensibilityGlobals) = postSolution
		SolutionGuid = {23340E60-E3E7-475B-950E-25DA4863C7B8}
	EndGlobalSection
EndGlobal
