
Microsoft Visual Studio Solution File, Format Version 12.00
# Visual Studio Version 17
VisualStudioVersion = 17.5.002.0
MinimumVisualStudioVersion = 10.0.40219.1
Project("{9A19103F-16F7-4668-BE54-9A1E7A4F7556}") = "MikroOvningar3", "MikroOvningar3.csproj", "{572EC28D-BB4B-4486-8CB8-8C014311CC2B}"
EndProject
Global
	GlobalSection(SolutionConfigurationPlatforms) = preSolution
		Debug|Any CPU = Debug|Any CPU
		Release|Any CPU = Release|Any CPU
	EndGlobalSection
	GlobalSection(ProjectConfigurationPlatforms) = postSolution
		{572EC28D-BB4B-4486-8CB8-8C014311CC2B}.Debug|Any CPU.ActiveCfg = Debug|Any CPU
		{572EC28D-BB4B-4486-8CB8-8C014311CC2B}.Debug|Any CPU.Build.0 = Debug|Any CPU
		{572EC28D-BB4B-4486-8CB8-8C014311CC2B}.Release|Any CPU.ActiveCfg = Release|Any CPU
		{572EC28D-BB4B-4486-8CB8-8C014311CC2B}.Release|Any CPU.Build.0 = Release|Any CPU
	EndGlobalSection
	GlobalSection(SolutionProperties) = preSolution
		HideSolutionNode = FALSE
	EndGlobalSection
	GlobalSection(ExtensibilityGlobals) = postSolution
		SolutionGuid = {AC6B6170-F19A-4072-985B-518016EED760}
	EndGlobalSection
EndGlobal
